
Microsoft Visual Studio Solution File, Format Version 12.00
# Visual Studio Version 16
VisualStudioVersion = 16.0.30225.117
MinimumVisualStudioVersion = 10.0.40219.1
Project("{8BC9CEB8-8B4A-11D0-8D11-00A0C91BC942}") = "Pixel Counter", "Pixel Counter\Pixel Counter.vcxproj", "{04661535-3BF5-470E-9FCF-5B6A4FC83B5A}"
EndProject
Global
	GlobalSection(SolutionConfigurationPlatforms) = preSolution
		Debug|x64 = Debug|x64
		Debug|x86 = Debug|x86
		Release|x64 = Release|x64
		Release|x86 = Release|x86
	EndGlobalSection
	GlobalSection(ProjectConfigurationPlatforms) = postSolution
		{04661535-3BF5-470E-9FCF-5B6A4FC83B5A}.Debug|x64.ActiveCfg = Debug|x64
		{04661535-3BF5-470E-9FCF-5B6A4FC83B5A}.Debug|x64.Build.0 = Debug|x64
		{04661535-3BF5-470E-9FCF-5B6A4FC83B5A}.Debug|x86.ActiveCfg = Debug|Win32
		{04661535-3BF5-470E-9FCF-5B6A4FC83B5A}.Debug|x86.Build.0 = Debug|Win32
		{04661535-3BF5-470E-9FCF-5B6A4FC83B5A}.Release|x64.ActiveCfg = Release|x64
		{04661535-3BF5-470E-9FCF-5B6A4FC83B5A}.Release|x64.Build.0 = Release|x64
		{04661535-3BF5-470E-9FCF-5B6A4FC83B5A}.Release|x86.ActiveCfg = Release|Win32
		{04661535-3BF5-470E-9FCF-5B6A4FC83B5A}.Release|x86.Build.0 = Release|Win32
	EndGlobalSection
	GlobalSection(SolutionProperties) = preSolution
		HideSolutionNode = FALSE
	EndGlobalSection
	GlobalSection(ExtensibilityGlobals) = postSolution
		SolutionGuid = {D3872EEE-B953-4C08-9152-E9899D58D811}
	EndGlobalSection
EndGlobal
